
Microsoft Visual Studio Solution File, Format Version 12.00
# Visual Studio Version 17
VisualStudioVersion = 17.14.36414.22 d17.14
MinimumVisualStudioVersion = 10.0.40219.1
Project("{FAE04EC0-301F-11D3-BF4B-00C04F79EFBC}") = "WpfApp_2010", "WpfApp_2010\WpfApp_2010.csproj", "{FC1219BA-2AC4-41DC-B810-5E694D116B61}"
EndProject
Global
	GlobalSection(SolutionConfigurationPlatforms) = preSolution
		Debug|Any CPU = Debug|Any CPU
		Release|Any CPU = Release|Any CPU
	EndGlobalSection
	GlobalSection(ProjectConfigurationPlatforms) = postSolution
		{FC1219BA-2AC4-41DC-B810-5E694D116B61}.Debug|Any CPU.ActiveCfg = Debug|Any CPU
		{FC1219BA-2AC4-41DC-B810-5E694D116B61}.Debug|Any CPU.Build.0 = Debug|Any CPU
		{FC1219BA-2AC4-41DC-B810-5E694D116B61}.Release|Any CPU.ActiveCfg = Release|Any CPU
		{FC1219BA-2AC4-41DC-B810-5E694D116B61}.Release|Any CPU.Build.0 = Release|Any CPU
	EndGlobalSection
	GlobalSection(SolutionProperties) = preSolution
		HideSolutionNode = FALSE
	EndGlobalSection
	GlobalSection(ExtensibilityGlobals) = postSolution
		SolutionGuid = {BC6C19D4-6763-4514-899C-CFFABF2DF3CB}
	EndGlobalSection
EndGlobal
